
Microsoft Visual Studio Solution File, Format Version 12.00
# Visual Studio Version 17
VisualStudioVersion = 17.6.33829.357
MinimumVisualStudioVersion = 10.0.40219.1
Project("{FAE04EC0-301F-11D3-BF4B-00C04F79EFBC}") = "PRT Semester 2 - Prac 1", "PRT Semester 2 - Prac 1\PRT Semester 2 - Prac 1.csproj", "{437EED3A-C43A-448B-8B56-F77142B4081E}"
EndProject
Global
	GlobalSection(SolutionConfigurationPlatforms) = preSolution
		Debug|Any CPU = Debug|Any CPU
		Release|Any CPU = Release|Any CPU
	EndGlobalSection
	GlobalSection(ProjectConfigurationPlatforms) = postSolution
		{437EED3A-C43A-448B-8B56-F77142B4081E}.Debug|Any CPU.ActiveCfg = Debug|Any CPU
		{437EED3A-C43A-448B-8B56-F77142B4081E}.Debug|Any CPU.Build.0 = Debug|Any CPU
		{437EED3A-C43A-448B-8B56-F77142B4081E}.Release|Any CPU.ActiveCfg = Release|Any CPU
		{437EED3A-C43A-448B-8B56-F77142B4081E}.Release|Any CPU.Build.0 = Release|Any CPU
	EndGlobalSection
	GlobalSection(SolutionProperties) = preSolution
		HideSolutionNode = FALSE
	EndGlobalSection
	GlobalSection(ExtensibilityGlobals) = postSolution
		SolutionGuid = {1CC18FB7-658F-42E8-AEE5-0262DF7831B2}
	EndGlobalSection
EndGlobal
